{
  "requires": true,
  "lockfileVersion": 1,
  "dependencies": {
    "@types/stripe-checkout": {
      "version": "1.0.3",
      "resolved": "https://registry.npmjs.org/@types/stripe-checkout/-/stripe-checkout-1.0.3.tgz",
      "integrity": "sha512-7JIyo1ou6w6+ee2SETytZocTvYgtGkivv5NVQ53xKv8WbVIYYhNPWwVzg56E47E4S4O55L1UywRR4FC+XgXPWA==",
      "requires": {
        "@types/stripe-v3": "*"
      }
    },
    "@types/stripe-v3": {
      "version": "3.1.20",
      "resolved": "https://registry.npmjs.org/@types/stripe-v3/-/stripe-v3-3.1.20.tgz",
      "integrity": "sha512-b8y8vhcHv+jRHhztdOYgOiR907NXIz2ijvSLVroikXqkU8ZCH47RX68LbqKoKymvBnK06FQNYb1CQpLRxeZxdA=="
    },
    "angular-responsive-carousel": {
      "version": "1.2.9",
      "resolved": "https://registry.npmjs.org/angular-responsive-carousel/-/angular-responsive-carousel-1.2.9.tgz",
      "integrity": "sha512-jVXhVpBSOyBWVQFM+4RZLP8oiToYKap4P00xLtwF12eej3K4X+d3VVM3TcgnsUlAJQuZ1FymLZbA1nXOFj+raA==",
      "requires": {
        "tslib": "^2.0.0"
      }
    },
    "tslib": {
      "version": "2.0.1",
      "resolved": "https://registry.npmjs.org/tslib/-/tslib-2.0.1.tgz",
      "integrity": "sha512-SgIkNheinmEBgx1IUNirK0TUD4X9yjjBRTqqjggWCU3pUEqIk3/Uwl3yRixYKT6WjQuGiwDv4NomL3wqRCj+CQ=="
    }
  }
}
