{
  "requires": true,
  "lockfileVersion": 1,
  "dependencies": {
    "angular-responsive-carousel": {
      "version": "1.2.9",
      "resolved": "https://registry.npmjs.org/angular-responsive-carousel/-/angular-responsive-carousel-1.2.9.tgz",
      "integrity": "sha512-jVXhVpBSOyBWVQFM+4RZLP8oiToYKap4P00xLtwF12eej3K4X+d3VVM3TcgnsUlAJQuZ1FymLZbA1nXOFj+raA==",
      "requires": {
        "tslib": "^2.0.0"
      }
    },
    "tslib": {
      "version": "2.0.1",
      "resolved": "https://registry.npmjs.org/tslib/-/tslib-2.0.1.tgz",
      "integrity": "sha512-SgIkNheinmEBgx1IUNirK0TUD4X9yjjBRTqqjggWCU3pUEqIk3/Uwl3yRixYKT6WjQuGiwDv4NomL3wqRCj+CQ=="
    }
  }
}
